// !$*UTF8*$!
{
	archiveVersion = 1;
	classes = {
	};
	objectVersion = 46;
	objects = {

/* Begin PBXBuildFile section */
		15DBF01914F6DCD8001DEF09 /* Cocoa.framework in Frameworks */ = {isa = PBXBuildFile; fileRef = 15DBF01814F6DCD8001DEF09 /* Cocoa.framework */; };
		15DBF04114F6DD47001DEF09 /* SKDocument.m in Sources */ = {isa = PBXBuildFile; fileRef = 15DBF03E14F6DD47001DEF09 /* SKDocument.m */; };
		15DBF04C14F6DD51001DEF09 /* Credits.rtf in Resources */ = {isa = PBXBuildFile; fileRef = 15DBF04314F6DD51001DEF09 /* Credits.rtf */; };
		15DBF04D14F6DD51001DEF09 /* InfoPlist.strings in Resources */ = {isa = PBXBuildFile; fileRef = 15DBF04514F6DD51001DEF09 /* InfoPlist.strings */; };
		15DBF04E14F6DD51001DEF09 /* MainMenu.xib in Resources */ = {isa = PBXBuildFile; fileRef = 15DBF04714F6DD51001DEF09 /* MainMenu.xib */; };
		15DBF04F14F6DD51001DEF09 /* SKDocument.xib in Resources */ = {isa = PBXBuildFile; fileRef = 15DBF04914F6DD51001DEF09 /* SKDocument.xib */; };
		15DBF05014F6DD51001DEF09 /* main.m in Sources */ = {isa = PBXBuildFile; fileRef = 15DBF04B14F6DD51001DEF09 /* main.m */; };
/* End PBXBuildFile section */

/* Begin PBXFileReference section */
		15DBF01414F6DCD8001DEF09 /* Skelasaur.app */ = {isa = PBXFileReference; explicitFileType = wrapper.application; includeInIndex = 0; path = Skelasaur.app; sourceTree = BUILT_PRODUCTS_DIR; };
		15DBF01814F6DCD8001DEF09 /* Cocoa.framework */ = {isa = PBXFileReference; lastKnownFileType = wrapper.framework; name = Cocoa.framework; path = System/Library/Frameworks/Cocoa.framework; sourceTree = SDKROOT; };
		15DBF01B14F6DCD8001DEF09 /* AppKit.framework */ = {isa = PBXFileReference; lastKnownFileType = wrapper.framework; name = AppKit.framework; path = System/Library/Frameworks/AppKit.framework; sourceTree = SDKROOT; };
		15DBF01C14F6DCD8001DEF09 /* CoreData.framework */ = {isa = PBXFileReference; lastKnownFileType = wrapper.framework; name = CoreData.framework; path = System/Library/Frameworks/CoreData.framework; sourceTree = SDKROOT; };
		15DBF01D14F6DCD8001DEF09 /* Foundation.framework */ = {isa = PBXFileReference; lastKnownFileType = wrapper.framework; name = Foundation.framework; path = System/Library/Frameworks/Foundation.framework; sourceTree = SDKROOT; };
		15DBF03D14F6DD47001DEF09 /* SKDocument.h */ = {isa = PBXFileReference; fileEncoding = 4; lastKnownFileType = sourcecode.c.h; name = SKDocument.h; path = code/Skelasaur/SKDocument.h; sourceTree = SOURCE_ROOT; };
		15DBF03E14F6DD47001DEF09 /* SKDocument.m */ = {isa = PBXFileReference; fileEncoding = 4; lastKnownFileType = sourcecode.c.objc; name = SKDocument.m; path = code/Skelasaur/SKDocument.m; sourceTree = SOURCE_ROOT; };
		15DBF03F14F6DD47001DEF09 /* Skelasaur-Info.plist */ = {isa = PBXFileReference; fileEncoding = 4; lastKnownFileType = text.plist.xml; name = "Skelasaur-Info.plist"; path = "code/Skelasaur/Skelasaur-Info.plist"; sourceTree = SOURCE_ROOT; };
		15DBF04014F6DD47001DEF09 /* Skelasaur-Prefix.pch */ = {isa = PBXFileReference; fileEncoding = 4; lastKnownFileType = sourcecode.c.h; name = "Skelasaur-Prefix.pch"; path = "code/Skelasaur/Skelasaur-Prefix.pch"; sourceTree = SOURCE_ROOT; };
		15DBF04414F6DD51001DEF09 /* en */ = {isa = PBXFileReference; lastKnownFileType = text.rtf; name = en; path = code/Skelasaur/en.lproj/Credits.rtf; sourceTree = SOURCE_ROOT; };
		15DBF04614F6DD51001DEF09 /* en */ = {isa = PBXFileReference; lastKnownFileType = text.plist.strings; name = en; path = code/Skelasaur/en.lproj/InfoPlist.strings; sourceTree = SOURCE_ROOT; };
		15DBF04814F6DD51001DEF09 /* en */ = {isa = PBXFileReference; lastKnownFileType = file.xib; name = en; path = code/Skelasaur/en.lproj/MainMenu.xib; sourceTree = SOURCE_ROOT; };
		15DBF04A14F6DD51001DEF09 /* en */ = {isa = PBXFileReference; lastKnownFileType = file.xib; name = en; path = code/Skelasaur/en.lproj/SKDocument.xib; sourceTree = SOURCE_ROOT; };
		15DBF04B14F6DD51001DEF09 /* main.m */ = {isa = PBXFileReference; fileEncoding = 4; lastKnownFileType = sourcecode.c.objc; name = main.m; path = code/Skelasaur/main.m; sourceTree = SOURCE_ROOT; };
/* End PBXFileReference section */

/* Begin PBXFrameworksBuildPhase section */
		15DBF01114F6DCD8001DEF09 /* Frameworks */ = {
			isa = PBXFrameworksBuildPhase;
			buildActionMask = 2147483647;
			files = (
				15DBF01914F6DCD8001DEF09 /* Cocoa.framework in Frameworks */,
			);
			runOnlyForDeploymentPostprocessing = 0;
		};
/* End PBXFrameworksBuildPhase section */

/* Begin PBXGroup section */
		15DBF00914F6DCD8001DEF09 = {
			isa = PBXGroup;
			children = (
				15DBF14714F6DD60001DEF09 /* code */,
				15DBF01714F6DCD8001DEF09 /* Frameworks */,
				15DBF01514F6DCD8001DEF09 /* Products */,
			);
			sourceTree = "<group>";
		};
		15DBF01514F6DCD8001DEF09 /* Products */ = {
			isa = PBXGroup;
			children = (
				15DBF01414F6DCD8001DEF09 /* Skelasaur.app */,
			);
			name = Products;
			sourceTree = "<group>";
		};
		15DBF01714F6DCD8001DEF09 /* Frameworks */ = {
			isa = PBXGroup;
			children = (
				15DBF01814F6DCD8001DEF09 /* Cocoa.framework */,
				15DBF01A14F6DCD8001DEF09 /* Other Frameworks */,
			);
			name = Frameworks;
			sourceTree = "<group>";
		};
		15DBF01A14F6DCD8001DEF09 /* Other Frameworks */ = {
			isa = PBXGroup;
			children = (
				15DBF01B14F6DCD8001DEF09 /* AppKit.framework */,
				15DBF01C14F6DCD8001DEF09 /* CoreData.framework */,
				15DBF01D14F6DCD8001DEF09 /* Foundation.framework */,
			);
			name = "Other Frameworks";
			sourceTree = "<group>";
		};
		15DBF01E14F6DCD8001DEF09 /* Skelasaur */ = {
			isa = PBXGroup;
			children = (
				15DBF03D14F6DD47001DEF09 /* SKDocument.h */,
				15DBF03E14F6DD47001DEF09 /* SKDocument.m */,
				15DBF04714F6DD51001DEF09 /* MainMenu.xib */,
				15DBF04914F6DD51001DEF09 /* SKDocument.xib */,
				15DBF01F14F6DCD8001DEF09 /* Supporting Files */,
			);
			path = Skelasaur;
			sourceTree = "<group>";
		};
		15DBF01F14F6DCD8001DEF09 /* Supporting Files */ = {
			isa = PBXGroup;
			children = (
				15DBF03F14F6DD47001DEF09 /* Skelasaur-Info.plist */,
				15DBF04014F6DD47001DEF09 /* Skelasaur-Prefix.pch */,
				15DBF04314F6DD51001DEF09 /* Credits.rtf */,
				15DBF04514F6DD51001DEF09 /* InfoPlist.strings */,
				15DBF04B14F6DD51001DEF09 /* main.m */,
			);
			name = "Supporting Files";
			sourceTree = "<group>";
		};
		15DBF14714F6DD60001DEF09 /* code */ = {
			isa = PBXGroup;
			children = (
				15DBF01E14F6DCD8001DEF09 /* Skelasaur */,
			);
			name = code;
			sourceTree = "<group>";
		};
/* End PBXGroup section */

/* Begin PBXNativeTarget section */
		15DBF01314F6DCD8001DEF09 /* Skelasaur */ = {
			isa = PBXNativeTarget;
			buildConfigurationList = 15DBF03514F6DCD9001DEF09 /* Build configuration list for PBXNativeTarget "Skelasaur" */;
			buildPhases = (
				15DBF01014F6DCD8001DEF09 /* Sources */,
				15DBF01114F6DCD8001DEF09 /* Frameworks */,
				15DBF01214F6DCD8001DEF09 /* Resources */,
			);
			buildRules = (
			);
			dependencies = (
			);
			name = Skelasaur;
			productName = Skelasaur;
			productReference = 15DBF01414F6DCD8001DEF09 /* Skelasaur.app */;
			productType = "com.apple.product-type.application";
		};
/* End PBXNativeTarget section */

/* Begin PBXProject section */
		15DBF00B14F6DCD8001DEF09 /* Project object */ = {
			isa = PBXProject;
			attributes = {
				LastUpgradeCheck = 0420;
				ORGANIZATIONNAME = "Broken Pixel Studios";
			};
			buildConfigurationList = 15DBF00E14F6DCD8001DEF09 /* Build configuration list for PBXProject "Skelasaur" */;
			compatibilityVersion = "Xcode 3.2";
			developmentRegion = English;
			hasScannedForEncodings = 0;
			knownRegions = (
				en,
			);
			mainGroup = 15DBF00914F6DCD8001DEF09;
			productRefGroup = 15DBF01514F6DCD8001DEF09 /* Products */;
			projectDirPath = "";
			projectRoot = "";
			targets = (
				15DBF01314F6DCD8001DEF09 /* Skelasaur */,
			);
		};
/* End PBXProject section */

/* Begin PBXResourcesBuildPhase section */
		15DBF01214F6DCD8001DEF09 /* Resources */ = {
			isa = PBXResourcesBuildPhase;
			buildActionMask = 2147483647;
			files = (
				15DBF04C14F6DD51001DEF09 /* Credits.rtf in Resources */,
				15DBF04D14F6DD51001DEF09 /* InfoPlist.strings in Resources */,
				15DBF04E14F6DD51001DEF09 /* MainMenu.xib in Resources */,
				15DBF04F14F6DD51001DEF09 /* SKDocument.xib in Resources */,
			);
			runOnlyForDeploymentPostprocessing = 0;
		};
/* End PBXResourcesBuildPhase section */

/* Begin PBXSourcesBuildPhase section */
		15DBF01014F6DCD8001DEF09 /* Sources */ = {
			isa = PBXSourcesBuildPhase;
			buildActionMask = 2147483647;
			files = (
				15DBF04114F6DD47001DEF09 /* SKDocument.m in Sources */,
				15DBF05014F6DD51001DEF09 /* main.m in Sources */,
			);
			runOnlyForDeploymentPostprocessing = 0;
		};
/* End PBXSourcesBuildPhase section */

/* Begin PBXVariantGroup section */
		15DBF04314F6DD51001DEF09 /* Credits.rtf */ = {
			isa = PBXVariantGroup;
			children = (
				15DBF04414F6DD51001DEF09 /* en */,
			);
			name = Credits.rtf;
			sourceTree = "<group>";
		};
		15DBF04514F6DD51001DEF09 /* InfoPlist.strings */ = {
			isa = PBXVariantGroup;
			children = (
				15DBF04614F6DD51001DEF09 /* en */,
			);
			name = InfoPlist.strings;
			sourceTree = "<group>";
		};
		15DBF04714F6DD51001DEF09 /* MainMenu.xib */ = {
			isa = PBXVariantGroup;
			children = (
				15DBF04814F6DD51001DEF09 /* en */,
			);
			name = MainMenu.xib;
			sourceTree = "<group>";
		};
		15DBF04914F6DD51001DEF09 /* SKDocument.xib */ = {
			isa = PBXVariantGroup;
			children = (
				15DBF04A14F6DD51001DEF09 /* en */,
			);
			name = SKDocument.xib;
			sourceTree = "<group>";
		};
/* End PBXVariantGroup section */

/* Begin XCBuildConfiguration section */
		15DBF03314F6DCD9001DEF09 /* Debug */ = {
			isa = XCBuildConfiguration;
			buildSettings = {
				ALWAYS_SEARCH_USER_PATHS = NO;
				ARCHS = "$(ARCHS_STANDARD_64_BIT)";
				CLANG_ENABLE_OBJC_ARC = YES;
				COPY_PHASE_STRIP = NO;
				GCC_C_LANGUAGE_STANDARD = gnu99;
				GCC_DYNAMIC_NO_PIC = NO;
				GCC_ENABLE_OBJC_EXCEPTIONS = YES;
				GCC_OPTIMIZATION_LEVEL = 0;
				GCC_PREPROCESSOR_DEFINITIONS = (
					"DEBUG=1",
					"$(inherited)",
				);
				GCC_SYMBOLS_PRIVATE_EXTERN = NO;
				GCC_VERSION = com.apple.compilers.llvm.clang.1_0;
				GCC_WARN_64_TO_32_BIT_CONVERSION = YES;
				GCC_WARN_ABOUT_MISSING_PROTOTYPES = YES;
				GCC_WARN_ABOUT_RETURN_TYPE = YES;
				GCC_WARN_UNUSED_VARIABLE = YES;
				MACOSX_DEPLOYMENT_TARGET = 10.6;
				ONLY_ACTIVE_ARCH = YES;
				SDKROOT = macosx;
			};
			name = Debug;
		};
		15DBF03414F6DCD9001DEF09 /* Release */ = {
			isa = XCBuildConfiguration;
			buildSettings = {
				ALWAYS_SEARCH_USER_PATHS = NO;
				ARCHS = "$(ARCHS_STANDARD_64_BIT)";
				CLANG_ENABLE_OBJC_ARC = YES;
				COPY_PHASE_STRIP = YES;
				DEBUG_INFORMATION_FORMAT = "dwarf-with-dsym";
				GCC_C_LANGUAGE_STANDARD = gnu99;
				GCC_ENABLE_OBJC_EXCEPTIONS = YES;
				GCC_VERSION = com.apple.compilers.llvm.clang.1_0;
				GCC_WARN_64_TO_32_BIT_CONVERSION = YES;
				GCC_WARN_ABOUT_MISSING_PROTOTYPES = YES;
				GCC_WARN_ABOUT_RETURN_TYPE = YES;
				GCC_WARN_UNUSED_VARIABLE = YES;
				MACOSX_DEPLOYMENT_TARGET = 10.6;
				SDKROOT = macosx;
			};
			name = Release;
		};
		15DBF03614F6DCD9001DEF09 /* Debug */ = {
			isa = XCBuildConfiguration;
			buildSettings = {
				GCC_PRECOMPILE_PREFIX_HEADER = YES;
				GCC_PREFIX_HEADER = "code/Skelasaur/Skelasaur-Prefix.pch";
				INFOPLIST_FILE = "code/Skelasaur/Skelasaur-Info.plist";
				PRODUCT_NAME = "$(TARGET_NAME)";
				WRAPPER_EXTENSION = app;
			};
			name = Debug;
		};
		15DBF03714F6DCD9001DEF09 /* Release */ = {
			isa = XCBuildConfiguration;
			buildSettings = {
				GCC_PRECOMPILE_PREFIX_HEADER = YES;
				GCC_PREFIX_HEADER = "code/Skelasaur/Skelasaur-Prefix.pch";
				INFOPLIST_FILE = "code/Skelasaur/Skelasaur-Info.plist";
				PRODUCT_NAME = "$(TARGET_NAME)";
				WRAPPER_EXTENSION = app;
			};
			name = Release;
		};
/* End XCBuildConfiguration section */

/* Begin XCConfigurationList section */
		15DBF00E14F6DCD8001DEF09 /* Build configuration list for PBXProject "Skelasaur" */ = {
			isa = XCConfigurationList;
			buildConfigurations = (
				15DBF03314F6DCD9001DEF09 /* Debug */,
				15DBF03414F6DCD9001DEF09 /* Release */,
			);
			defaultConfigurationIsVisible = 0;
			defaultConfigurationName = Release;
		};
		15DBF03514F6DCD9001DEF09 /* Build configuration list for PBXNativeTarget "Skelasaur" */ = {
			isa = XCConfigurationList;
			buildConfigurations = (
				15DBF03614F6DCD9001DEF09 /* Debug */,
				15DBF03714F6DCD9001DEF09 /* Release */,
			);
			defaultConfigurationIsVisible = 0;
			defaultConfigurationName = Release;
		};
/* End XCConfigurationList section */
	};
	rootObject = 15DBF00B14F6DCD8001DEF09 /* Project object */;
}
